// !$*UTF8*$!
{
	archiveVersion = 1;
	classes = {
	};
	objectVersion = 56;
	objects = {

/* Begin PBXBuildFile section */
		8531922F2A1001BE00A69562 /* SubjectList.swift in Sources */ = {isa = PBXBuildFile; fileRef = 8531922E2A1001BE00A69562 /* SubjectList.swift */; };
		853192312A1001E900A69562 /* GroupInfo.swift in Sources */ = {isa = PBXBuildFile; fileRef = 853192302A1001E900A69562 /* GroupInfo.swift */; };
		853192362A100D6100A69562 /* ScheduleProcessor.swift in Sources */ = {isa = PBXBuildFile; fileRef = 853192352A100D6100A69562 /* ScheduleProcessor.swift */; };
		85329DC32A0F697900BE5C7D /* GroupsDataLoader.swift in Sources */ = {isa = PBXBuildFile; fileRef = 85329DC22A0F697900BE5C7D /* GroupsDataLoader.swift */; };
		85329DC52A0F698500BE5C7D /* ScheduleDataLoader.swift in Sources */ = {isa = PBXBuildFile; fileRef = 85329DC42A0F698500BE5C7D /* ScheduleDataLoader.swift */; };
		85329DC72A0F705200BE5C7D /* GroupHTMLParser.swift in Sources */ = {isa = PBXBuildFile; fileRef = 85329DC62A0F705200BE5C7D /* GroupHTMLParser.swift */; };
		853397BF2A0FBFC1002519DC /* Lesson+CoreDataClass.swift in Sources */ = {isa = PBXBuildFile; fileRef = 853397BD2A0FBFC1002519DC /* Lesson+CoreDataClass.swift */; };
		853397C02A0FBFC1002519DC /* Lesson+CoreDataProperties.swift in Sources */ = {isa = PBXBuildFile; fileRef = 853397BE2A0FBFC1002519DC /* Lesson+CoreDataProperties.swift */; };
		8570596C2A015435008AD532 /* course_paperApp.swift in Sources */ = {isa = PBXBuildFile; fileRef = 8570596B2A015435008AD532 /* course_paperApp.swift */; };
		8570596E2A015435008AD532 /* CoursesView.swift in Sources */ = {isa = PBXBuildFile; fileRef = 8570596D2A015435008AD532 /* CoursesView.swift */; };
		857059702A015436008AD532 /* Assets.xcassets in Resources */ = {isa = PBXBuildFile; fileRef = 8570596F2A015436008AD532 /* Assets.xcassets */; };
		857059732A015436008AD532 /* Preview Assets.xcassets in Resources */ = {isa = PBXBuildFile; fileRef = 857059722A015436008AD532 /* Preview Assets.xcassets */; };
		8570597D2A015D3C008AD532 /* SwiftSoup in Frameworks */ = {isa = PBXBuildFile; productRef = 8570597C2A015D3C008AD532 /* SwiftSoup */; };
		8570597F2A01739B008AD532 /* ScheduleHTMLParser.swift in Sources */ = {isa = PBXBuildFile; fileRef = 8570597E2A01739B008AD532 /* ScheduleHTMLParser.swift */; };
		857919C02A0263870018D7EC /* HTMLParser.swift in Sources */ = {isa = PBXBuildFile; fileRef = 857919BF2A0263870018D7EC /* HTMLParser.swift */; };
		857919C22A0281E30018D7EC /* Constants.swift in Sources */ = {isa = PBXBuildFile; fileRef = 857919C12A0281E30018D7EC /* Constants.swift */; };
		857919C52A029B7D0018D7EC /* APIService.swift in Sources */ = {isa = PBXBuildFile; fileRef = 857919C42A029B7D0018D7EC /* APIService.swift */; };
		857919D02A02AEB20018D7EC /* GroupsView.swift in Sources */ = {isa = PBXBuildFile; fileRef = 857919CF2A02AEB20018D7EC /* GroupsView.swift */; };
		8581855D2A11537B00C2D18A /* LastAppLaunchDate+CoreDataClass.swift in Sources */ = {isa = PBXBuildFile; fileRef = 8581855B2A11537B00C2D18A /* LastAppLaunchDate+CoreDataClass.swift */; };
		8581855E2A11537B00C2D18A /* LastAppLaunchDate+CoreDataProperties.swift in Sources */ = {isa = PBXBuildFile; fileRef = 8581855C2A11537B00C2D18A /* LastAppLaunchDate+CoreDataProperties.swift */; };
		85B4F8182A0CB53600829ABE /* DataManager.swift in Sources */ = {isa = PBXBuildFile; fileRef = 85B4F8172A0CB53600829ABE /* DataManager.swift */; };
		85C2C06C2A10EBD900BA7FDA /* BackgroundTasks.framework in Frameworks */ = {isa = PBXBuildFile; fileRef = 85C2C06B2A10EBD900BA7FDA /* BackgroundTasks.framework */; };
		85CDB1772A05588800330BF8 /* GroupsViewModel.swift in Sources */ = {isa = PBXBuildFile; fileRef = 85CDB1762A05588800330BF8 /* GroupsViewModel.swift */; };
		85CDB17A2A0561E200330BF8 /* ScheduleView.swift in Sources */ = {isa = PBXBuildFile; fileRef = 85CDB1792A0561E200330BF8 /* ScheduleView.swift */; };
		85CDB17C2A0568E600330BF8 /* SubjectCard.swift in Sources */ = {isa = PBXBuildFile; fileRef = 85CDB17B2A0568E600330BF8 /* SubjectCard.swift */; };
		85CDB17E2A056A3500330BF8 /* ScheduleViewModel.swift in Sources */ = {isa = PBXBuildFile; fileRef = 85CDB17D2A056A3500330BF8 /* ScheduleViewModel.swift */; };
		85CDB1802A057E6C00330BF8 /* CalendarManager.swift in Sources */ = {isa = PBXBuildFile; fileRef = 85CDB17F2A057E6C00330BF8 /* CalendarManager.swift */; };
		85CDB1972A0787E800330BF8 /* CoursesViewModel.swift in Sources */ = {isa = PBXBuildFile; fileRef = 85CDB1962A0787E800330BF8 /* CoursesViewModel.swift */; };
		85E209B52A114F85001714F8 /* Timetable.xcdatamodeld in Sources */ = {isa = PBXBuildFile; fileRef = 85E209B32A114F85001714F8 /* Timetable.xcdatamodeld */; };
		85FDBE082A0E73E100204F96 /* Course+CoreDataClass.swift in Sources */ = {isa = PBXBuildFile; fileRef = 85FDBE022A0E73E100204F96 /* Course+CoreDataClass.swift */; };
		85FDBE092A0E73E100204F96 /* Course+CoreDataProperties.swift in Sources */ = {isa = PBXBuildFile; fileRef = 85FDBE032A0E73E100204F96 /* Course+CoreDataProperties.swift */; };
		85FDBE0A2A0E73E100204F96 /* Group+CoreDataClass.swift in Sources */ = {isa = PBXBuildFile; fileRef = 85FDBE042A0E73E100204F96 /* Group+CoreDataClass.swift */; };
		85FDBE0B2A0E73E100204F96 /* Group+CoreDataProperties.swift in Sources */ = {isa = PBXBuildFile; fileRef = 85FDBE052A0E73E100204F96 /* Group+CoreDataProperties.swift */; };
		85FDBE0E2A0E855D00204F96 /* LessonData.swift in Sources */ = {isa = PBXBuildFile; fileRef = 85FDBE0D2A0E855D00204F96 /* LessonData.swift */; };
		85FDBE1D2A0E875A00204F96 /* GroupData.swift in Sources */ = {isa = PBXBuildFile; fileRef = 85FDBE1C2A0E875A00204F96 /* GroupData.swift */; };
/* End PBXBuildFile section */

/* Begin PBXFileReference section */
		8531922E2A1001BE00A69562 /* SubjectList.swift */ = {isa = PBXFileReference; lastKnownFileType = sourcecode.swift; path = SubjectList.swift; sourceTree = "<group>"; };
		853192302A1001E900A69562 /* GroupInfo.swift */ = {isa = PBXFileReference; lastKnownFileType = sourcecode.swift; path = GroupInfo.swift; sourceTree = "<group>"; };
		853192352A100D6100A69562 /* ScheduleProcessor.swift */ = {isa = PBXFileReference; lastKnownFileType = sourcecode.swift; path = ScheduleProcessor.swift; sourceTree = "<group>"; };
		85329DC22A0F697900BE5C7D /* GroupsDataLoader.swift */ = {isa = PBXFileReference; lastKnownFileType = sourcecode.swift; path = GroupsDataLoader.swift; sourceTree = "<group>"; };
		85329DC42A0F698500BE5C7D /* ScheduleDataLoader.swift */ = {isa = PBXFileReference; lastKnownFileType = sourcecode.swift; path = ScheduleDataLoader.swift; sourceTree = "<group>"; };
		85329DC62A0F705200BE5C7D /* GroupHTMLParser.swift */ = {isa = PBXFileReference; lastKnownFileType = sourcecode.swift; path = GroupHTMLParser.swift; sourceTree = "<group>"; };
		853397BD2A0FBFC1002519DC /* Lesson+CoreDataClass.swift */ = {isa = PBXFileReference; lastKnownFileType = sourcecode.swift; name = "Lesson+CoreDataClass.swift"; path = "../../../Lesson+CoreDataClass.swift"; sourceTree = "<group>"; };
		853397BE2A0FBFC1002519DC /* Lesson+CoreDataProperties.swift */ = {isa = PBXFileReference; lastKnownFileType = sourcecode.swift; name = "Lesson+CoreDataProperties.swift"; path = "../../../Lesson+CoreDataProperties.swift"; sourceTree = "<group>"; };
		857059682A015435008AD532 /* course-paper.app */ = {isa = PBXFileReference; explicitFileType = wrapper.application; includeInIndex = 0; path = "course-paper.app"; sourceTree = BUILT_PRODUCTS_DIR; };
		8570596B2A015435008AD532 /* course_paperApp.swift */ = {isa = PBXFileReference; lastKnownFileType = sourcecode.swift; path = course_paperApp.swift; sourceTree = "<group>"; };
		8570596D2A015435008AD532 /* CoursesView.swift */ = {isa = PBXFileReference; lastKnownFileType = sourcecode.swift; path = CoursesView.swift; sourceTree = "<group>"; };
		8570596F2A015436008AD532 /* Assets.xcassets */ = {isa = PBXFileReference; lastKnownFileType = folder.assetcatalog; path = Assets.xcassets; sourceTree = "<group>"; };
		857059722A015436008AD532 /* Preview Assets.xcassets */ = {isa = PBXFileReference; lastKnownFileType = folder.assetcatalog; path = "Preview Assets.xcassets"; sourceTree = "<group>"; };
		8570597E2A01739B008AD532 /* ScheduleHTMLParser.swift */ = {isa = PBXFileReference; lastKnownFileType = sourcecode.swift; path = ScheduleHTMLParser.swift; sourceTree = "<group>"; };
		857919BF2A0263870018D7EC /* HTMLParser.swift */ = {isa = PBXFileReference; lastKnownFileType = sourcecode.swift; path = HTMLParser.swift; sourceTree = "<group>"; };
		857919C12A0281E30018D7EC /* Constants.swift */ = {isa = PBXFileReference; lastKnownFileType = sourcecode.swift; path = Constants.swift; sourceTree = "<group>"; };
		857919C42A029B7D0018D7EC /* APIService.swift */ = {isa = PBXFileReference; lastKnownFileType = sourcecode.swift; path = APIService.swift; sourceTree = "<group>"; };
		857919CF2A02AEB20018D7EC /* GroupsView.swift */ = {isa = PBXFileReference; lastKnownFileType = sourcecode.swift; path = GroupsView.swift; sourceTree = "<group>"; };
		8581855B2A11537B00C2D18A /* LastAppLaunchDate+CoreDataClass.swift */ = {isa = PBXFileReference; lastKnownFileType = sourcecode.swift; name = "LastAppLaunchDate+CoreDataClass.swift"; path = "../../LastAppLaunchDate+CoreDataClass.swift"; sourceTree = "<group>"; };
		8581855C2A11537B00C2D18A /* LastAppLaunchDate+CoreDataProperties.swift */ = {isa = PBXFileReference; lastKnownFileType = sourcecode.swift; name = "LastAppLaunchDate+CoreDataProperties.swift"; path = "../../LastAppLaunchDate+CoreDataProperties.swift"; sourceTree = "<group>"; };
		85B4F8172A0CB53600829ABE /* DataManager.swift */ = {isa = PBXFileReference; lastKnownFileType = sourcecode.swift; path = DataManager.swift; sourceTree = "<group>"; };
		85C2C0622A10CDE700BA7FDA /* Info.plist */ = {isa = PBXFileReference; lastKnownFileType = text.plist; path = Info.plist; sourceTree = "<group>"; };
		85C2C06B2A10EBD900BA7FDA /* BackgroundTasks.framework */ = {isa = PBXFileReference; lastKnownFileType = wrapper.framework; name = BackgroundTasks.framework; path = System/Library/Frameworks/BackgroundTasks.framework; sourceTree = SDKROOT; };
		85CDB1762A05588800330BF8 /* GroupsViewModel.swift */ = {isa = PBXFileReference; lastKnownFileType = sourcecode.swift; path = GroupsViewModel.swift; sourceTree = "<group>"; };
		85CDB1792A0561E200330BF8 /* ScheduleView.swift */ = {isa = PBXFileReference; lastKnownFileType = sourcecode.swift; path = ScheduleView.swift; sourceTree = "<group>"; };
		85CDB17B2A0568E600330BF8 /* SubjectCard.swift */ = {isa = PBXFileReference; lastKnownFileType = sourcecode.swift; path = SubjectCard.swift; sourceTree = "<group>"; };
		85CDB17D2A056A3500330BF8 /* ScheduleViewModel.swift */ = {isa = PBXFileReference; lastKnownFileType = sourcecode.swift; path = ScheduleViewModel.swift; sourceTree = "<group>"; };
		85CDB17F2A057E6C00330BF8 /* CalendarManager.swift */ = {isa = PBXFileReference; lastKnownFileType = sourcecode.swift; path = CalendarManager.swift; sourceTree = "<group>"; };
		85CDB1962A0787E800330BF8 /* CoursesViewModel.swift */ = {isa = PBXFileReference; lastKnownFileType = sourcecode.swift; path = CoursesViewModel.swift; sourceTree = "<group>"; };
		85E209B42A114F85001714F8 /* Model.xcdatamodel */ = {isa = PBXFileReference; lastKnownFileType = wrapper.xcdatamodel; path = Model.xcdatamodel; sourceTree = "<group>"; };
		85FDBE022A0E73E100204F96 /* Course+CoreDataClass.swift */ = {isa = PBXFileReference; lastKnownFileType = sourcecode.swift; path = "Course+CoreDataClass.swift"; sourceTree = "<group>"; };
		85FDBE032A0E73E100204F96 /* Course+CoreDataProperties.swift */ = {isa = PBXFileReference; lastKnownFileType = sourcecode.swift; path = "Course+CoreDataProperties.swift"; sourceTree = "<group>"; };
		85FDBE042A0E73E100204F96 /* Group+CoreDataClass.swift */ = {isa = PBXFileReference; lastKnownFileType = sourcecode.swift; path = "Group+CoreDataClass.swift"; sourceTree = "<group>"; };
		85FDBE052A0E73E100204F96 /* Group+CoreDataProperties.swift */ = {isa = PBXFileReference; lastKnownFileType = sourcecode.swift; path = "Group+CoreDataProperties.swift"; sourceTree = "<group>"; };
		85FDBE0D2A0E855D00204F96 /* LessonData.swift */ = {isa = PBXFileReference; lastKnownFileType = sourcecode.swift; path = LessonData.swift; sourceTree = "<group>"; };
		85FDBE1C2A0E875A00204F96 /* GroupData.swift */ = {isa = PBXFileReference; lastKnownFileType = sourcecode.swift; path = GroupData.swift; sourceTree = "<group>"; };
/* End PBXFileReference section */

/* Begin PBXFrameworksBuildPhase section */
		857059652A015435008AD532 /* Frameworks */ = {
			isa = PBXFrameworksBuildPhase;
			buildActionMask = 2147483647;
			files = (
				8570597D2A015D3C008AD532 /* SwiftSoup in Frameworks */,
				85C2C06C2A10EBD900BA7FDA /* BackgroundTasks.framework in Frameworks */,
			);
			runOnlyForDeploymentPostprocessing = 0;
		};
/* End PBXFrameworksBuildPhase section */

/* Begin PBXGroup section */
		853192322A10059D00A69562 /* Components */ = {
			isa = PBXGroup;
			children = (
				85CDB17B2A0568E600330BF8 /* SubjectCard.swift */,
				8531922E2A1001BE00A69562 /* SubjectList.swift */,
				853192302A1001E900A69562 /* GroupInfo.swift */,
			);
			path = Components;
			sourceTree = "<group>";
		};
		853192372A10110800A69562 /* Processor */ = {
			isa = PBXGroup;
			children = (
				853192352A100D6100A69562 /* ScheduleProcessor.swift */,
			);
			path = Processor;
			sourceTree = "<group>";
		};
		8570595F2A015435008AD532 = {
			isa = PBXGroup;
			children = (
				8570596A2A015435008AD532 /* course-paper */,
				857059692A015435008AD532 /* Products */,
				85C2C06A2A10EBD900BA7FDA /* Frameworks */,
			);
			sourceTree = "<group>";
		};
		857059692A015435008AD532 /* Products */ = {
			isa = PBXGroup;
			children = (
				857059682A015435008AD532 /* course-paper.app */,
			);
			name = Products;
			sourceTree = "<group>";
		};
		8570596A2A015435008AD532 /* course-paper */ = {
			isa = PBXGroup;
			children = (
				85D83C192A12CC4700EAD720 /* DataProvider */,
				85C2C0622A10CDE700BA7FDA /* Info.plist */,
				85E209B32A114F85001714F8 /* Timetable.xcdatamodeld */,
				85FDBDFA2A0E725300204F96 /* Networking */,
				85FDBE0F2A0E85BB00204F96 /* Presentation */,
				857919C82A029BDE0018D7EC /* Utils */,
				8570596B2A015435008AD532 /* course_paperApp.swift */,
				8570596F2A015436008AD532 /* Assets.xcassets */,
				857059712A015436008AD532 /* Preview Content */,
			);
			path = "course-paper";
			sourceTree = "<group>";
		};
		857059712A015436008AD532 /* Preview Content */ = {
			isa = PBXGroup;
			children = (
				857059722A015436008AD532 /* Preview Assets.xcassets */,
			);
			path = "Preview Content";
			sourceTree = "<group>";
		};
		857919C32A029B670018D7EC /* Services */ = {
			isa = PBXGroup;
			children = (
				857919C42A029B7D0018D7EC /* APIService.swift */,
			);
			path = Services;
			sourceTree = "<group>";
		};
		857919C82A029BDE0018D7EC /* Utils */ = {
			isa = PBXGroup;
			children = (
				85FDBE1E2A0E87EB00204F96 /* Managers */,
				857919C12A0281E30018D7EC /* Constants.swift */,
				85CDB1812A061DF400330BF8 /* Parsers */,
			);
			path = Utils;
			sourceTree = "<group>";
		};
		85C2C06A2A10EBD900BA7FDA /* Frameworks */ = {
			isa = PBXGroup;
			children = (
				85C2C06B2A10EBD900BA7FDA /* BackgroundTasks.framework */,
			);
			name = Frameworks;
			sourceTree = "<group>";
		};
		85CDB1812A061DF400330BF8 /* Parsers */ = {
			isa = PBXGroup;
			children = (
				85FDBE0C2A0E835900204F96 /* HTMLParsers */,
			);
			path = Parsers;
			sourceTree = "<group>";
		};
		85D83C192A12CC4700EAD720 /* DataProvider */ = {
			isa = PBXGroup;
			children = (
				85D83C1F2A12CD7E00EAD720 /* DataStorage */,
				85FDBE1A2A0E872700204F96 /* CoreData */,
				85D83C1D2A12CD0900EAD720 /* DataModel */,
				85D83C1C2A12CCEE00EAD720 /* DataManager */,
				85D83C1A2A12CCB900EAD720 /* DataLoader */,
			);
			path = DataProvider;
			sourceTree = "<group>";
		};
		85D83C1A2A12CCB900EAD720 /* DataLoader */ = {
			isa = PBXGroup;
			children = (
				85329DC22A0F697900BE5C7D /* GroupsDataLoader.swift */,
				85329DC42A0F698500BE5C7D /* ScheduleDataLoader.swift */,
			);
			path = DataLoader;
			sourceTree = "<group>";
		};
		85D83C1C2A12CCEE00EAD720 /* DataManager */ = {
			isa = PBXGroup;
			children = (
				85B4F8172A0CB53600829ABE /* DataManager.swift */,
			);
			path = DataManager;
			sourceTree = "<group>";
		};
		85D83C1D2A12CD0900EAD720 /* DataModel */ = {
			isa = PBXGroup;
			children = (
				85FDBE0D2A0E855D00204F96 /* LessonData.swift */,
				85FDBE1C2A0E875A00204F96 /* GroupData.swift */,
			);
			path = DataModel;
			sourceTree = "<group>";
		};
		85D83C1F2A12CD7E00EAD720 /* DataStorage */ = {
			isa = PBXGroup;
			children = (
			);
			path = DataStorage;
			sourceTree = "<group>";
		};
		85FDBDFA2A0E725300204F96 /* Networking */ = {
			isa = PBXGroup;
			children = (
				857919C32A029B670018D7EC /* Services */,
			);
			path = Networking;
			sourceTree = "<group>";
		};
		85FDBE0C2A0E835900204F96 /* HTMLParsers */ = {
			isa = PBXGroup;
			children = (
				8570597E2A01739B008AD532 /* ScheduleHTMLParser.swift */,
				857919BF2A0263870018D7EC /* HTMLParser.swift */,
				85329DC62A0F705200BE5C7D /* GroupHTMLParser.swift */,
			);
			path = HTMLParsers;
			sourceTree = "<group>";
		};
		85FDBE0F2A0E85BB00204F96 /* Presentation */ = {
			isa = PBXGroup;
			children = (
				85FDBE122A0E85D300204F96 /* Schedule */,
				85FDBE112A0E85CA00204F96 /* Groups */,
				85FDBE102A0E85C300204F96 /* Courses */,
			);
			path = Presentation;
			sourceTree = "<group>";
		};
		85FDBE102A0E85C300204F96 /* Courses */ = {
			isa = PBXGroup;
			children = (
				85FDBE182A0E860100204F96 /* ViewModel */,
				85FDBE172A0E85FD00204F96 /* View */,
			);
			path = Courses;
			sourceTree = "<group>";
		};
		85FDBE112A0E85CA00204F96 /* Groups */ = {
			isa = PBXGroup;
			children = (
				85FDBE162A0E85F900204F96 /* ViewModel */,
				85FDBE152A0E85F300204F96 /* View */,
			);
			path = Groups;
			sourceTree = "<group>";
		};
		85FDBE122A0E85D300204F96 /* Schedule */ = {
			isa = PBXGroup;
			children = (
				853192372A10110800A69562 /* Processor */,
				85FDBE142A0E85EE00204F96 /* ViewModel */,
				85FDBE132A0E85DC00204F96 /* View */,
			);
			path = Schedule;
			sourceTree = "<group>";
		};
		85FDBE132A0E85DC00204F96 /* View */ = {
			isa = PBXGroup;
			children = (
				853192322A10059D00A69562 /* Components */,
				85CDB1792A0561E200330BF8 /* ScheduleView.swift */,
			);
			path = View;
			sourceTree = "<group>";
		};
		85FDBE142A0E85EE00204F96 /* ViewModel */ = {
			isa = PBXGroup;
			children = (
				85CDB17D2A056A3500330BF8 /* ScheduleViewModel.swift */,
			);
			path = ViewModel;
			sourceTree = "<group>";
		};
		85FDBE152A0E85F300204F96 /* View */ = {
			isa = PBXGroup;
			children = (
				857919CF2A02AEB20018D7EC /* GroupsView.swift */,
			);
			path = View;
			sourceTree = "<group>";
		};
		85FDBE162A0E85F900204F96 /* ViewModel */ = {
			isa = PBXGroup;
			children = (
				85CDB1762A05588800330BF8 /* GroupsViewModel.swift */,
			);
			path = ViewModel;
			sourceTree = "<group>";
		};
		85FDBE172A0E85FD00204F96 /* View */ = {
			isa = PBXGroup;
			children = (
				8570596D2A015435008AD532 /* CoursesView.swift */,
			);
			path = View;
			sourceTree = "<group>";
		};
		85FDBE182A0E860100204F96 /* ViewModel */ = {
			isa = PBXGroup;
			children = (
				85CDB1962A0787E800330BF8 /* CoursesViewModel.swift */,
			);
			path = ViewModel;
			sourceTree = "<group>";
		};
		85FDBE1A2A0E872700204F96 /* CoreData */ = {
			isa = PBXGroup;
			children = (
				8581855B2A11537B00C2D18A /* LastAppLaunchDate+CoreDataClass.swift */,
				8581855C2A11537B00C2D18A /* LastAppLaunchDate+CoreDataProperties.swift */,
				853397BD2A0FBFC1002519DC /* Lesson+CoreDataClass.swift */,
				853397BE2A0FBFC1002519DC /* Lesson+CoreDataProperties.swift */,
				85FDBE022A0E73E100204F96 /* Course+CoreDataClass.swift */,
				85FDBE032A0E73E100204F96 /* Course+CoreDataProperties.swift */,
				85FDBE052A0E73E100204F96 /* Group+CoreDataProperties.swift */,
				85FDBE042A0E73E100204F96 /* Group+CoreDataClass.swift */,
			);
			path = CoreData;
			sourceTree = "<group>";
		};
		85FDBE1E2A0E87EB00204F96 /* Managers */ = {
			isa = PBXGroup;
			children = (
				85CDB17F2A057E6C00330BF8 /* CalendarManager.swift */,
			);
			path = Managers;
			sourceTree = "<group>";
		};
/* End PBXGroup section */

/* Begin PBXNativeTarget section */
		857059672A015435008AD532 /* course-paper */ = {
			isa = PBXNativeTarget;
			buildConfigurationList = 857059762A015436008AD532 /* Build configuration list for PBXNativeTarget "course-paper" */;
			buildPhases = (
				857059642A015435008AD532 /* Sources */,
				857059652A015435008AD532 /* Frameworks */,
				857059662A015435008AD532 /* Resources */,
			);
			buildRules = (
			);
			dependencies = (
			);
			name = "course-paper";
			packageProductDependencies = (
				8570597C2A015D3C008AD532 /* SwiftSoup */,
			);
			productName = "course-paper";
			productReference = 857059682A015435008AD532 /* course-paper.app */;
			productType = "com.apple.product-type.application";
		};
/* End PBXNativeTarget section */

/* Begin PBXProject section */
		857059602A015435008AD532 /* Project object */ = {
			isa = PBXProject;
			attributes = {
				BuildIndependentTargetsInParallel = 1;
				LastSwiftUpdateCheck = 1430;
				LastUpgradeCheck = 1430;
				TargetAttributes = {
					857059672A015435008AD532 = {
						CreatedOnToolsVersion = 14.3;
					};
				};
			};
			buildConfigurationList = 857059632A015435008AD532 /* Build configuration list for PBXProject "Timetable" */;
			compatibilityVersion = "Xcode 14.0";
			developmentRegion = en;
			hasScannedForEncodings = 0;
			knownRegions = (
				en,
				Base,
			);
			mainGroup = 8570595F2A015435008AD532;
			packageReferences = (
				8570597B2A015D3C008AD532 /* XCRemoteSwiftPackageReference "SwiftSoup" */,
			);
			productRefGroup = 857059692A015435008AD532 /* Products */;
			projectDirPath = "";
			projectRoot = "";
			targets = (
				857059672A015435008AD532 /* course-paper */,
			);
		};
/* End PBXProject section */

/* Begin PBXResourcesBuildPhase section */
		857059662A015435008AD532 /* Resources */ = {
			isa = PBXResourcesBuildPhase;
			buildActionMask = 2147483647;
			files = (
				857059732A015436008AD532 /* Preview Assets.xcassets in Resources */,
				857059702A015436008AD532 /* Assets.xcassets in Resources */,
			);
			runOnlyForDeploymentPostprocessing = 0;
		};
/* End PBXResourcesBuildPhase section */

/* Begin PBXSourcesBuildPhase section */
		857059642A015435008AD532 /* Sources */ = {
			isa = PBXSourcesBuildPhase;
			buildActionMask = 2147483647;
			files = (
				85CDB1772A05588800330BF8 /* GroupsViewModel.swift in Sources */,
				85FDBE1D2A0E875A00204F96 /* GroupData.swift in Sources */,
				85329DC72A0F705200BE5C7D /* GroupHTMLParser.swift in Sources */,
				85FDBE0B2A0E73E100204F96 /* Group+CoreDataProperties.swift in Sources */,
				857919D02A02AEB20018D7EC /* GroupsView.swift in Sources */,
				853397BF2A0FBFC1002519DC /* Lesson+CoreDataClass.swift in Sources */,
				853192312A1001E900A69562 /* GroupInfo.swift in Sources */,
				85E209B52A114F85001714F8 /* Timetable.xcdatamodeld in Sources */,
				85329DC32A0F697900BE5C7D /* GroupsDataLoader.swift in Sources */,
				857919C52A029B7D0018D7EC /* APIService.swift in Sources */,
				85CDB1802A057E6C00330BF8 /* CalendarManager.swift in Sources */,
				853397C02A0FBFC1002519DC /* Lesson+CoreDataProperties.swift in Sources */,
				8570597F2A01739B008AD532 /* ScheduleHTMLParser.swift in Sources */,
				8531922F2A1001BE00A69562 /* SubjectList.swift in Sources */,
				8581855E2A11537B00C2D18A /* LastAppLaunchDate+CoreDataProperties.swift in Sources */,
				8570596E2A015435008AD532 /* CoursesView.swift in Sources */,
				8581855D2A11537B00C2D18A /* LastAppLaunchDate+CoreDataClass.swift in Sources */,
				85FDBE092A0E73E100204F96 /* Course+CoreDataProperties.swift in Sources */,
				8570596C2A015435008AD532 /* course_paperApp.swift in Sources */,
				85B4F8182A0CB53600829ABE /* DataManager.swift in Sources */,
				853192362A100D6100A69562 /* ScheduleProcessor.swift in Sources */,
				85FDBE0A2A0E73E100204F96 /* Group+CoreDataClass.swift in Sources */,
				85CDB17C2A0568E600330BF8 /* SubjectCard.swift in Sources */,
				85CDB1972A0787E800330BF8 /* CoursesViewModel.swift in Sources */,
				857919C02A0263870018D7EC /* HTMLParser.swift in Sources */,
				85CDB17A2A0561E200330BF8 /* ScheduleView.swift in Sources */,
				85FDBE082A0E73E100204F96 /* Course+CoreDataClass.swift in Sources */,
				85CDB17E2A056A3500330BF8 /* ScheduleViewModel.swift in Sources */,
				85329DC52A0F698500BE5C7D /* ScheduleDataLoader.swift in Sources */,
				85FDBE0E2A0E855D00204F96 /* LessonData.swift in Sources */,
				857919C22A0281E30018D7EC /* Constants.swift in Sources */,
			);
			runOnlyForDeploymentPostprocessing = 0;
		};
/* End PBXSourcesBuildPhase section */

/* Begin XCBuildConfiguration section */
		857059742A015436008AD532 /* Debug */ = {
			isa = XCBuildConfiguration;
			buildSettings = {
				ALWAYS_SEARCH_USER_PATHS = NO;
				CLANG_ANALYZER_NONNULL = YES;
				CLANG_ANALYZER_NUMBER_OBJECT_CONVERSION = YES_AGGRESSIVE;
				CLANG_CXX_LANGUAGE_STANDARD = "gnu++20";
				CLANG_ENABLE_MODULES = YES;
				CLANG_ENABLE_OBJC_ARC = YES;
				CLANG_ENABLE_OBJC_WEAK = YES;
				CLANG_WARN_BLOCK_CAPTURE_AUTORELEASING = YES;
				CLANG_WARN_BOOL_CONVERSION = YES;
				CLANG_WARN_COMMA = YES;
				CLANG_WARN_CONSTANT_CONVERSION = YES;
				CLANG_WARN_DEPRECATED_OBJC_IMPLEMENTATIONS = YES;
				CLANG_WARN_DIRECT_OBJC_ISA_USAGE = YES_ERROR;
				CLANG_WARN_DOCUMENTATION_COMMENTS = YES;
				CLANG_WARN_EMPTY_BODY = YES;
				CLANG_WARN_ENUM_CONVERSION = YES;
				CLANG_WARN_INFINITE_RECURSION = YES;
				CLANG_WARN_INT_CONVERSION = YES;
				CLANG_WARN_NON_LITERAL_NULL_CONVERSION = YES;
				CLANG_WARN_OBJC_IMPLICIT_RETAIN_SELF = YES;
				CLANG_WARN_OBJC_LITERAL_CONVERSION = YES;
				CLANG_WARN_OBJC_ROOT_CLASS = YES_ERROR;
				CLANG_WARN_QUOTED_INCLUDE_IN_FRAMEWORK_HEADER = YES;
				CLANG_WARN_RANGE_LOOP_ANALYSIS = YES;
				CLANG_WARN_STRICT_PROTOTYPES = YES;
				CLANG_WARN_SUSPICIOUS_MOVE = YES;
				CLANG_WARN_UNGUARDED_AVAILABILITY = YES_AGGRESSIVE;
				CLANG_WARN_UNREACHABLE_CODE = YES;
				CLANG_WARN__DUPLICATE_METHOD_MATCH = YES;
				COPY_PHASE_STRIP = NO;
				DEBUG_INFORMATION_FORMAT = dwarf;
				ENABLE_STRICT_OBJC_MSGSEND = YES;
				ENABLE_TESTABILITY = YES;
				GCC_C_LANGUAGE_STANDARD = gnu11;
				GCC_DYNAMIC_NO_PIC = NO;
				GCC_NO_COMMON_BLOCKS = YES;
				GCC_OPTIMIZATION_LEVEL = 0;
				GCC_PREPROCESSOR_DEFINITIONS = (
					"DEBUG=1",
					"$(inherited)",
				);
				GCC_WARN_64_TO_32_BIT_CONVERSION = YES;
				GCC_WARN_ABOUT_RETURN_TYPE = YES_ERROR;
				GCC_WARN_UNDECLARED_SELECTOR = YES;
				GCC_WARN_UNINITIALIZED_AUTOS = YES_AGGRESSIVE;
				GCC_WARN_UNUSED_FUNCTION = YES;
				GCC_WARN_UNUSED_VARIABLE = YES;
				IPHONEOS_DEPLOYMENT_TARGET = 16.4;
				MTL_ENABLE_DEBUG_INFO = INCLUDE_SOURCE;
				MTL_FAST_MATH = YES;
				ONLY_ACTIVE_ARCH = YES;
				SDKROOT = iphoneos;
				SWIFT_ACTIVE_COMPILATION_CONDITIONS = DEBUG;
				SWIFT_OPTIMIZATION_LEVEL = "-Onone";
			};
			name = Debug;
		};
		857059752A015436008AD532 /* Release */ = {
			isa = XCBuildConfiguration;
			buildSettings = {
				ALWAYS_SEARCH_USER_PATHS = NO;
				CLANG_ANALYZER_NONNULL = YES;
				CLANG_ANALYZER_NUMBER_OBJECT_CONVERSION = YES_AGGRESSIVE;
				CLANG_CXX_LANGUAGE_STANDARD = "gnu++20";
				CLANG_ENABLE_MODULES = YES;
				CLANG_ENABLE_OBJC_ARC = YES;
				CLANG_ENABLE_OBJC_WEAK = YES;
				CLANG_WARN_BLOCK_CAPTURE_AUTORELEASING = YES;
				CLANG_WARN_BOOL_CONVERSION = YES;
				CLANG_WARN_COMMA = YES;
				CLANG_WARN_CONSTANT_CONVERSION = YES;
				CLANG_WARN_DEPRECATED_OBJC_IMPLEMENTATIONS = YES;
				CLANG_WARN_DIRECT_OBJC_ISA_USAGE = YES_ERROR;
				CLANG_WARN_DOCUMENTATION_COMMENTS = YES;
				CLANG_WARN_EMPTY_BODY = YES;
				CLANG_WARN_ENUM_CONVERSION = YES;
				CLANG_WARN_INFINITE_RECURSION = YES;
				CLANG_WARN_INT_CONVERSION = YES;
				CLANG_WARN_NON_LITERAL_NULL_CONVERSION = YES;
				CLANG_WARN_OBJC_IMPLICIT_RETAIN_SELF = YES;
				CLANG_WARN_OBJC_LITERAL_CONVERSION = YES;
				CLANG_WARN_OBJC_ROOT_CLASS = YES_ERROR;
				CLANG_WARN_QUOTED_INCLUDE_IN_FRAMEWORK_HEADER = YES;
				CLANG_WARN_RANGE_LOOP_ANALYSIS = YES;
				CLANG_WARN_STRICT_PROTOTYPES = YES;
				CLANG_WARN_SUSPICIOUS_MOVE = YES;
				CLANG_WARN_UNGUARDED_AVAILABILITY = YES_AGGRESSIVE;
				CLANG_WARN_UNREACHABLE_CODE = YES;
				CLANG_WARN__DUPLICATE_METHOD_MATCH = YES;
				COPY_PHASE_STRIP = NO;
				DEBUG_INFORMATION_FORMAT = "dwarf-with-dsym";
				ENABLE_NS_ASSERTIONS = NO;
				ENABLE_STRICT_OBJC_MSGSEND = YES;
				GCC_C_LANGUAGE_STANDARD = gnu11;
				GCC_NO_COMMON_BLOCKS = YES;
				GCC_WARN_64_TO_32_BIT_CONVERSION = YES;
				GCC_WARN_ABOUT_RETURN_TYPE = YES_ERROR;
				GCC_WARN_UNDECLARED_SELECTOR = YES;
				GCC_WARN_UNINITIALIZED_AUTOS = YES_AGGRESSIVE;
				GCC_WARN_UNUSED_FUNCTION = YES;
				GCC_WARN_UNUSED_VARIABLE = YES;
				IPHONEOS_DEPLOYMENT_TARGET = 16.4;
				MTL_ENABLE_DEBUG_INFO = NO;
				MTL_FAST_MATH = YES;
				SDKROOT = iphoneos;
				SWIFT_COMPILATION_MODE = wholemodule;
				SWIFT_OPTIMIZATION_LEVEL = "-O";
				VALIDATE_PRODUCT = YES;
			};
			name = Release;
		};
		857059772A015436008AD532 /* Debug */ = {
			isa = XCBuildConfiguration;
			buildSettings = {
				ASSETCATALOG_COMPILER_APPICON_NAME = AppIcon;
				ASSETCATALOG_COMPILER_GLOBAL_ACCENT_COLOR_NAME = AccentColor;
				CODE_SIGN_STYLE = Automatic;
				CURRENT_PROJECT_VERSION = 1;
				DEVELOPMENT_ASSET_PATHS = "\"course-paper/Preview Content\"";
				DEVELOPMENT_TEAM = M8SH2M6PNB;
				ENABLE_PREVIEWS = YES;
				GENERATE_INFOPLIST_FILE = YES;
				INFOPLIST_FILE = "course-paper/Info.plist";
				INFOPLIST_KEY_UIApplicationSceneManifest_Generation = YES;
				INFOPLIST_KEY_UIApplicationSupportsIndirectInputEvents = YES;
				INFOPLIST_KEY_UILaunchScreen_Generation = YES;
				INFOPLIST_KEY_UISupportedInterfaceOrientations_iPad = "UIInterfaceOrientationPortrait UIInterfaceOrientationPortraitUpsideDown UIInterfaceOrientationLandscapeLeft UIInterfaceOrientationLandscapeRight";
				INFOPLIST_KEY_UISupportedInterfaceOrientations_iPhone = "UIInterfaceOrientationPortrait UIInterfaceOrientationLandscapeLeft UIInterfaceOrientationLandscapeRight";
				LD_RUNPATH_SEARCH_PATHS = (
					"$(inherited)",
					"@executable_path/Frameworks",
				);
				MARKETING_VERSION = 1.0;
				PRODUCT_BUNDLE_IDENTIFIER = "by.myself.course-paper";
				PRODUCT_NAME = "$(TARGET_NAME)";
				SWIFT_EMIT_LOC_STRINGS = YES;
				SWIFT_VERSION = 5.0;
				TARGETED_DEVICE_FAMILY = "1,2";
			};
			name = Debug;
		};
		857059782A015436008AD532 /* Release */ = {
			isa = XCBuildConfiguration;
			buildSettings = {
				ASSETCATALOG_COMPILER_APPICON_NAME = AppIcon;
				ASSETCATALOG_COMPILER_GLOBAL_ACCENT_COLOR_NAME = AccentColor;
				CODE_SIGN_STYLE = Automatic;
				CURRENT_PROJECT_VERSION = 1;
				DEVELOPMENT_ASSET_PATHS = "\"course-paper/Preview Content\"";
				DEVELOPMENT_TEAM = M8SH2M6PNB;
				ENABLE_PREVIEWS = YES;
				GENERATE_INFOPLIST_FILE = YES;
				INFOPLIST_FILE = "course-paper/Info.plist";
				INFOPLIST_KEY_UIApplicationSceneManifest_Generation = YES;
				INFOPLIST_KEY_UIApplicationSupportsIndirectInputEvents = YES;
				INFOPLIST_KEY_UILaunchScreen_Generation = YES;
				INFOPLIST_KEY_UISupportedInterfaceOrientations_iPad = "UIInterfaceOrientationPortrait UIInterfaceOrientationPortraitUpsideDown UIInterfaceOrientationLandscapeLeft UIInterfaceOrientationLandscapeRight";
				INFOPLIST_KEY_UISupportedInterfaceOrientations_iPhone = "UIInterfaceOrientationPortrait UIInterfaceOrientationLandscapeLeft UIInterfaceOrientationLandscapeRight";
				LD_RUNPATH_SEARCH_PATHS = (
					"$(inherited)",
					"@executable_path/Frameworks",
				);
				MARKETING_VERSION = 1.0;
				PRODUCT_BUNDLE_IDENTIFIER = "by.myself.course-paper";
				PRODUCT_NAME = "$(TARGET_NAME)";
				SWIFT_EMIT_LOC_STRINGS = YES;
				SWIFT_VERSION = 5.0;
				TARGETED_DEVICE_FAMILY = "1,2";
			};
			name = Release;
		};
/* End XCBuildConfiguration section */

/* Begin XCConfigurationList section */
		857059632A015435008AD532 /* Build configuration list for PBXProject "Timetable" */ = {
			isa = XCConfigurationList;
			buildConfigurations = (
				857059742A015436008AD532 /* Debug */,
				857059752A015436008AD532 /* Release */,
			);
			defaultConfigurationIsVisible = 0;
			defaultConfigurationName = Release;
		};
		857059762A015436008AD532 /* Build configuration list for PBXNativeTarget "course-paper" */ = {
			isa = XCConfigurationList;
			buildConfigurations = (
				857059772A015436008AD532 /* Debug */,
				857059782A015436008AD532 /* Release */,
			);
			defaultConfigurationIsVisible = 0;
			defaultConfigurationName = Release;
		};
/* End XCConfigurationList section */

/* Begin XCRemoteSwiftPackageReference section */
		8570597B2A015D3C008AD532 /* XCRemoteSwiftPackageReference "SwiftSoup" */ = {
			isa = XCRemoteSwiftPackageReference;
			repositoryURL = "https://github.com/scinfu/SwiftSoup";
			requirement = {
				kind = upToNextMajorVersion;
				minimumVersion = 2.0.0;
			};
		};
/* End XCRemoteSwiftPackageReference section */

/* Begin XCSwiftPackageProductDependency section */
		8570597C2A015D3C008AD532 /* SwiftSoup */ = {
			isa = XCSwiftPackageProductDependency;
			package = 8570597B2A015D3C008AD532 /* XCRemoteSwiftPackageReference "SwiftSoup" */;
			productName = SwiftSoup;
		};
/* End XCSwiftPackageProductDependency section */

/* Begin XCVersionGroup section */
		85E209B32A114F85001714F8 /* Timetable.xcdatamodeld */ = {
			isa = XCVersionGroup;
			children = (
				85E209B42A114F85001714F8 /* Model.xcdatamodel */,
			);
			currentVersion = 85E209B42A114F85001714F8 /* Model.xcdatamodel */;
			path = Timetable.xcdatamodeld;
			sourceTree = "<group>";
			versionGroupType = wrapper.xcdatamodel;
		};
/* End XCVersionGroup section */
	};
	rootObject = 857059602A015435008AD532 /* Project object */;
}
